// !$*UTF8*$!
{
	archiveVersion = 1;
	classes = {
	};
	objectVersion = 55;
	objects = {

/* Begin PBXBuildFile section */
		5B976D3E289D518800384C8A /* Tests_iOS.swift in Sources */ = {isa = PBXBuildFile; fileRef = 5B976D3D289D518800384C8A /* Tests_iOS.swift */; };
		5B976D40289D518800384C8A /* Tests_iOSLaunchTests.swift in Sources */ = {isa = PBXBuildFile; fileRef = 5B976D3F289D518800384C8A /* Tests_iOSLaunchTests.swift */; };
		5B976D4A289D518800384C8A /* Tests_macOS.swift in Sources */ = {isa = PBXBuildFile; fileRef = 5B976D49289D518800384C8A /* Tests_macOS.swift */; };
		5B976D4C289D518800384C8A /* Tests_macOSLaunchTests.swift in Sources */ = {isa = PBXBuildFile; fileRef = 5B976D4B289D518800384C8A /* Tests_macOSLaunchTests.swift */; };
		5B976D4D289D518800384C8A /* Annoatation_InjectionApp.swift in Sources */ = {isa = PBXBuildFile; fileRef = 5B976D25289D518700384C8A /* Annoatation_InjectionApp.swift */; };
		5B976D4E289D518800384C8A /* Annoatation_InjectionApp.swift in Sources */ = {isa = PBXBuildFile; fileRef = 5B976D25289D518700384C8A /* Annoatation_InjectionApp.swift */; };
		5B976D4F289D518800384C8A /* ContentView.swift in Sources */ = {isa = PBXBuildFile; fileRef = 5B976D26289D518700384C8A /* ContentView.swift */; };
		5B976D50289D518800384C8A /* ContentView.swift in Sources */ = {isa = PBXBuildFile; fileRef = 5B976D26289D518700384C8A /* ContentView.swift */; };
		5B976D51289D518800384C8A /* Assets.xcassets in Resources */ = {isa = PBXBuildFile; fileRef = 5B976D27289D518800384C8A /* Assets.xcassets */; };
		5B976D52289D518800384C8A /* Assets.xcassets in Resources */ = {isa = PBXBuildFile; fileRef = 5B976D27289D518800384C8A /* Assets.xcassets */; };
		5B976D64289D51A800384C8A /* Services.swift in Sources */ = {isa = PBXBuildFile; fileRef = 5B976D63289D51A800384C8A /* Services.swift */; };
		5B976D66289D520D00384C8A /* Factories.swift in Sources */ = {isa = PBXBuildFile; fileRef = 5B976D65289D520D00384C8A /* Factories.swift */; };
		5B976D68289D52A900384C8A /* Container.swift in Sources */ = {isa = PBXBuildFile; fileRef = 5B976D67289D52A900384C8A /* Container.swift */; };
		5B976D6A289D52BD00384C8A /* DIManager.swift in Sources */ = {isa = PBXBuildFile; fileRef = 5B976D69289D52BD00384C8A /* DIManager.swift */; };
		5B976D6C289D52DC00384C8A /* Annotations.swift in Sources */ = {isa = PBXBuildFile; fileRef = 5B976D6B289D52DC00384C8A /* Annotations.swift */; };
		5B976D6E289D530100384C8A /* MyViewModel.swift in Sources */ = {isa = PBXBuildFile; fileRef = 5B976D6D289D530100384C8A /* MyViewModel.swift */; };
		5B976D70289D532900384C8A /* TestMyViewModel.swift in Sources */ = {isa = PBXBuildFile; fileRef = 5B976D6F289D532900384C8A /* TestMyViewModel.swift */; };
		5B976D73289D548C00384C8A /* Mocks.swift in Sources */ = {isa = PBXBuildFile; fileRef = 5B976D72289D548C00384C8A /* Mocks.swift */; };
/* End PBXBuildFile section */

/* Begin PBXContainerItemProxy section */
		5B976D3A289D518800384C8A /* PBXContainerItemProxy */ = {
			isa = PBXContainerItemProxy;
			containerPortal = 5B976D20289D518700384C8A /* Project object */;
			proxyType = 1;
			remoteGlobalIDString = 5B976D2B289D518800384C8A;
			remoteInfo = "Annoatation-Injection (iOS)";
		};
		5B976D46289D518800384C8A /* PBXContainerItemProxy */ = {
			isa = PBXContainerItemProxy;
			containerPortal = 5B976D20289D518700384C8A /* Project object */;
			proxyType = 1;
			remoteGlobalIDString = 5B976D31289D518800384C8A;
			remoteInfo = "Annoatation-Injection (macOS)";
		};
/* End PBXContainerItemProxy section */

/* Begin PBXFileReference section */
		5B976D25289D518700384C8A /* Annoatation_InjectionApp.swift */ = {isa = PBXFileReference; lastKnownFileType = sourcecode.swift; path = Annoatation_InjectionApp.swift; sourceTree = "<group>"; };
		5B976D26289D518700384C8A /* ContentView.swift */ = {isa = PBXFileReference; lastKnownFileType = sourcecode.swift; path = ContentView.swift; sourceTree = "<group>"; };
		5B976D27289D518800384C8A /* Assets.xcassets */ = {isa = PBXFileReference; lastKnownFileType = folder.assetcatalog; path = Assets.xcassets; sourceTree = "<group>"; };
		5B976D2C289D518800384C8A /* Annoatation-Injection.app */ = {isa = PBXFileReference; explicitFileType = wrapper.application; includeInIndex = 0; path = "Annoatation-Injection.app"; sourceTree = BUILT_PRODUCTS_DIR; };
		5B976D32289D518800384C8A /* Annoatation-Injection.app */ = {isa = PBXFileReference; explicitFileType = wrapper.application; includeInIndex = 0; path = "Annoatation-Injection.app"; sourceTree = BUILT_PRODUCTS_DIR; };
		5B976D34289D518800384C8A /* macOS.entitlements */ = {isa = PBXFileReference; lastKnownFileType = text.plist.entitlements; path = macOS.entitlements; sourceTree = "<group>"; };
		5B976D39289D518800384C8A /* Tests iOS.xctest */ = {isa = PBXFileReference; explicitFileType = wrapper.cfbundle; includeInIndex = 0; path = "Tests iOS.xctest"; sourceTree = BUILT_PRODUCTS_DIR; };
		5B976D3D289D518800384C8A /* Tests_iOS.swift */ = {isa = PBXFileReference; lastKnownFileType = sourcecode.swift; path = Tests_iOS.swift; sourceTree = "<group>"; };
		5B976D3F289D518800384C8A /* Tests_iOSLaunchTests.swift */ = {isa = PBXFileReference; lastKnownFileType = sourcecode.swift; path = Tests_iOSLaunchTests.swift; sourceTree = "<group>"; };
		5B976D45289D518800384C8A /* Tests macOS.xctest */ = {isa = PBXFileReference; explicitFileType = wrapper.cfbundle; includeInIndex = 0; path = "Tests macOS.xctest"; sourceTree = BUILT_PRODUCTS_DIR; };
		5B976D49289D518800384C8A /* Tests_macOS.swift */ = {isa = PBXFileReference; lastKnownFileType = sourcecode.swift; path = Tests_macOS.swift; sourceTree = "<group>"; };
		5B976D4B289D518800384C8A /* Tests_macOSLaunchTests.swift */ = {isa = PBXFileReference; lastKnownFileType = sourcecode.swift; path = Tests_macOSLaunchTests.swift; sourceTree = "<group>"; };
		5B976D63289D51A800384C8A /* Services.swift */ = {isa = PBXFileReference; lastKnownFileType = sourcecode.swift; path = Services.swift; sourceTree = "<group>"; };
		5B976D65289D520D00384C8A /* Factories.swift */ = {isa = PBXFileReference; lastKnownFileType = sourcecode.swift; path = Factories.swift; sourceTree = "<group>"; };
		5B976D67289D52A900384C8A /* Container.swift */ = {isa = PBXFileReference; lastKnownFileType = sourcecode.swift; path = Container.swift; sourceTree = "<group>"; };
		5B976D69289D52BD00384C8A /* DIManager.swift */ = {isa = PBXFileReference; lastKnownFileType = sourcecode.swift; path = DIManager.swift; sourceTree = "<group>"; };
		5B976D6B289D52DC00384C8A /* Annotations.swift */ = {isa = PBXFileReference; lastKnownFileType = sourcecode.swift; path = Annotations.swift; sourceTree = "<group>"; };
		5B976D6D289D530100384C8A /* MyViewModel.swift */ = {isa = PBXFileReference; lastKnownFileType = sourcecode.swift; path = MyViewModel.swift; sourceTree = "<group>"; };
		5B976D6F289D532900384C8A /* TestMyViewModel.swift */ = {isa = PBXFileReference; lastKnownFileType = sourcecode.swift; path = TestMyViewModel.swift; sourceTree = "<group>"; };
		5B976D72289D548C00384C8A /* Mocks.swift */ = {isa = PBXFileReference; lastKnownFileType = sourcecode.swift; path = Mocks.swift; sourceTree = "<group>"; };
/* End PBXFileReference section */

/* Begin PBXFrameworksBuildPhase section */
		5B976D29289D518800384C8A /* Frameworks */ = {
			isa = PBXFrameworksBuildPhase;
			buildActionMask = 2147483647;
			files = (
			);
			runOnlyForDeploymentPostprocessing = 0;
		};
		5B976D2F289D518800384C8A /* Frameworks */ = {
			isa = PBXFrameworksBuildPhase;
			buildActionMask = 2147483647;
			files = (
			);
			runOnlyForDeploymentPostprocessing = 0;
		};
		5B976D36289D518800384C8A /* Frameworks */ = {
			isa = PBXFrameworksBuildPhase;
			buildActionMask = 2147483647;
			files = (
			);
			runOnlyForDeploymentPostprocessing = 0;
		};
		5B976D42289D518800384C8A /* Frameworks */ = {
			isa = PBXFrameworksBuildPhase;
			buildActionMask = 2147483647;
			files = (
			);
			runOnlyForDeploymentPostprocessing = 0;
		};
/* End PBXFrameworksBuildPhase section */

/* Begin PBXGroup section */
		5B976D1F289D518700384C8A = {
			isa = PBXGroup;
			children = (
				5B976D61289D519500384C8A /* DI */,
				5B976D6D289D530100384C8A /* MyViewModel.swift */,
				5B976D24289D518700384C8A /* Shared */,
				5B976D33289D518800384C8A /* macOS */,
				5B976D3C289D518800384C8A /* Tests iOS */,
				5B976D48289D518800384C8A /* Tests macOS */,
				5B976D2D289D518800384C8A /* Products */,
			);
			sourceTree = "<group>";
		};
		5B976D24289D518700384C8A /* Shared */ = {
			isa = PBXGroup;
			children = (
				5B976D25289D518700384C8A /* Annoatation_InjectionApp.swift */,
				5B976D26289D518700384C8A /* ContentView.swift */,
				5B976D27289D518800384C8A /* Assets.xcassets */,
			);
			path = Shared;
			sourceTree = "<group>";
		};
		5B976D2D289D518800384C8A /* Products */ = {
			isa = PBXGroup;
			children = (
				5B976D2C289D518800384C8A /* Annoatation-Injection.app */,
				5B976D32289D518800384C8A /* Annoatation-Injection.app */,
				5B976D39289D518800384C8A /* Tests iOS.xctest */,
				5B976D45289D518800384C8A /* Tests macOS.xctest */,
			);
			name = Products;
			sourceTree = "<group>";
		};
		5B976D33289D518800384C8A /* macOS */ = {
			isa = PBXGroup;
			children = (
				5B976D34289D518800384C8A /* macOS.entitlements */,
			);
			path = macOS;
			sourceTree = "<group>";
		};
		5B976D3C289D518800384C8A /* Tests iOS */ = {
			isa = PBXGroup;
			children = (
				5B976D72289D548C00384C8A /* Mocks.swift */,
				5B976D6F289D532900384C8A /* TestMyViewModel.swift */,
				5B976D3D289D518800384C8A /* Tests_iOS.swift */,
				5B976D3F289D518800384C8A /* Tests_iOSLaunchTests.swift */,
			);
			path = "Tests iOS";
			sourceTree = "<group>";
		};
		5B976D48289D518800384C8A /* Tests macOS */ = {
			isa = PBXGroup;
			children = (
				5B976D49289D518800384C8A /* Tests_macOS.swift */,
				5B976D4B289D518800384C8A /* Tests_macOSLaunchTests.swift */,
			);
			path = "Tests macOS";
			sourceTree = "<group>";
		};
		5B976D61289D519500384C8A /* DI */ = {
			isa = PBXGroup;
			children = (
				5B976D63289D51A800384C8A /* Services.swift */,
				5B976D65289D520D00384C8A /* Factories.swift */,
				5B976D67289D52A900384C8A /* Container.swift */,
				5B976D69289D52BD00384C8A /* DIManager.swift */,
				5B976D6B289D52DC00384C8A /* Annotations.swift */,
			);
			path = DI;
			sourceTree = "<group>";
		};
/* End PBXGroup section */

/* Begin PBXNativeTarget section */
		5B976D2B289D518800384C8A /* Annoatation-Injection (iOS) */ = {
			isa = PBXNativeTarget;
			buildConfigurationList = 5B976D55289D518800384C8A /* Build configuration list for PBXNativeTarget "Annoatation-Injection (iOS)" */;
			buildPhases = (
				5B976D28289D518800384C8A /* Sources */,
				5B976D29289D518800384C8A /* Frameworks */,
				5B976D2A289D518800384C8A /* Resources */,
			);
			buildRules = (
			);
			dependencies = (
			);
			name = "Annoatation-Injection (iOS)";
			productName = "Annoatation-Injection (iOS)";
			productReference = 5B976D2C289D518800384C8A /* Annoatation-Injection.app */;
			productType = "com.apple.product-type.application";
		};
		5B976D31289D518800384C8A /* Annoatation-Injection (macOS) */ = {
			isa = PBXNativeTarget;
			buildConfigurationList = 5B976D58289D518800384C8A /* Build configuration list for PBXNativeTarget "Annoatation-Injection (macOS)" */;
			buildPhases = (
				5B976D2E289D518800384C8A /* Sources */,
				5B976D2F289D518800384C8A /* Frameworks */,
				5B976D30289D518800384C8A /* Resources */,
			);
			buildRules = (
			);
			dependencies = (
			);
			name = "Annoatation-Injection (macOS)";
			productName = "Annoatation-Injection (macOS)";
			productReference = 5B976D32289D518800384C8A /* Annoatation-Injection.app */;
			productType = "com.apple.product-type.application";
		};
		5B976D38289D518800384C8A /* Tests iOS */ = {
			isa = PBXNativeTarget;
			buildConfigurationList = 5B976D5B289D518800384C8A /* Build configuration list for PBXNativeTarget "Tests iOS" */;
			buildPhases = (
				5B976D35289D518800384C8A /* Sources */,
				5B976D36289D518800384C8A /* Frameworks */,
				5B976D37289D518800384C8A /* Resources */,
			);
			buildRules = (
			);
			dependencies = (
				5B976D3B289D518800384C8A /* PBXTargetDependency */,
			);
			name = "Tests iOS";
			productName = "Tests iOS";
			productReference = 5B976D39289D518800384C8A /* Tests iOS.xctest */;
			productType = "com.apple.product-type.bundle.ui-testing";
		};
		5B976D44289D518800384C8A /* Tests macOS */ = {
			isa = PBXNativeTarget;
			buildConfigurationList = 5B976D5E289D518800384C8A /* Build configuration list for PBXNativeTarget "Tests macOS" */;
			buildPhases = (
				5B976D41289D518800384C8A /* Sources */,
				5B976D42289D518800384C8A /* Frameworks */,
				5B976D43289D518800384C8A /* Resources */,
			);
			buildRules = (
			);
			dependencies = (
				5B976D47289D518800384C8A /* PBXTargetDependency */,
			);
			name = "Tests macOS";
			productName = "Tests macOS";
			productReference = 5B976D45289D518800384C8A /* Tests macOS.xctest */;
			productType = "com.apple.product-type.bundle.ui-testing";
		};
/* End PBXNativeTarget section */

/* Begin PBXProject section */
		5B976D20289D518700384C8A /* Project object */ = {
			isa = PBXProject;
			attributes = {
				BuildIndependentTargetsInParallel = 1;
				LastSwiftUpdateCheck = 1340;
				LastUpgradeCheck = 1340;
				TargetAttributes = {
					5B976D2B289D518800384C8A = {
						CreatedOnToolsVersion = 13.4.1;
					};
					5B976D31289D518800384C8A = {
						CreatedOnToolsVersion = 13.4.1;
					};
					5B976D38289D518800384C8A = {
						CreatedOnToolsVersion = 13.4.1;
						TestTargetID = 5B976D2B289D518800384C8A;
					};
					5B976D44289D518800384C8A = {
						CreatedOnToolsVersion = 13.4.1;
						TestTargetID = 5B976D31289D518800384C8A;
					};
				};
			};
			buildConfigurationList = 5B976D23289D518700384C8A /* Build configuration list for PBXProject "Annoatation-Injection" */;
			compatibilityVersion = "Xcode 13.0";
			developmentRegion = en;
			hasScannedForEncodings = 0;
			knownRegions = (
				en,
				Base,
			);
			mainGroup = 5B976D1F289D518700384C8A;
			productRefGroup = 5B976D2D289D518800384C8A /* Products */;
			projectDirPath = "";
			projectRoot = "";
			targets = (
				5B976D2B289D518800384C8A /* Annoatation-Injection (iOS) */,
				5B976D31289D518800384C8A /* Annoatation-Injection (macOS) */,
				5B976D38289D518800384C8A /* Tests iOS */,
				5B976D44289D518800384C8A /* Tests macOS */,
			);
		};
/* End PBXProject section */

/* Begin PBXResourcesBuildPhase section */
		5B976D2A289D518800384C8A /* Resources */ = {
			isa = PBXResourcesBuildPhase;
			buildActionMask = 2147483647;
			files = (
				5B976D51289D518800384C8A /* Assets.xcassets in Resources */,
			);
			runOnlyForDeploymentPostprocessing = 0;
		};
		5B976D30289D518800384C8A /* Resources */ = {
			isa = PBXResourcesBuildPhase;
			buildActionMask = 2147483647;
			files = (
				5B976D52289D518800384C8A /* Assets.xcassets in Resources */,
			);
			runOnlyForDeploymentPostprocessing = 0;
		};
		5B976D37289D518800384C8A /* Resources */ = {
			isa = PBXResourcesBuildPhase;
			buildActionMask = 2147483647;
			files = (
			);
			runOnlyForDeploymentPostprocessing = 0;
		};
		5B976D43289D518800384C8A /* Resources */ = {
			isa = PBXResourcesBuildPhase;
			buildActionMask = 2147483647;
			files = (
			);
			runOnlyForDeploymentPostprocessing = 0;
		};
/* End PBXResourcesBuildPhase section */

/* Begin PBXSourcesBuildPhase section */
		5B976D28289D518800384C8A /* Sources */ = {
			isa = PBXSourcesBuildPhase;
			buildActionMask = 2147483647;
			files = (
				5B976D4F289D518800384C8A /* ContentView.swift in Sources */,
				5B976D64289D51A800384C8A /* Services.swift in Sources */,
				5B976D68289D52A900384C8A /* Container.swift in Sources */,
				5B976D66289D520D00384C8A /* Factories.swift in Sources */,
				5B976D6A289D52BD00384C8A /* DIManager.swift in Sources */,
				5B976D6C289D52DC00384C8A /* Annotations.swift in Sources */,
				5B976D6E289D530100384C8A /* MyViewModel.swift in Sources */,
				5B976D4D289D518800384C8A /* Annoatation_InjectionApp.swift in Sources */,
			);
			runOnlyForDeploymentPostprocessing = 0;
		};
		5B976D2E289D518800384C8A /* Sources */ = {
			isa = PBXSourcesBuildPhase;
			buildActionMask = 2147483647;
			files = (
				5B976D50289D518800384C8A /* ContentView.swift in Sources */,
				5B976D4E289D518800384C8A /* Annoatation_InjectionApp.swift in Sources */,
			);
			runOnlyForDeploymentPostprocessing = 0;
		};
		5B976D35289D518800384C8A /* Sources */ = {
			isa = PBXSourcesBuildPhase;
			buildActionMask = 2147483647;
			files = (
				5B976D40289D518800384C8A /* Tests_iOSLaunchTests.swift in Sources */,
				5B976D3E289D518800384C8A /* Tests_iOS.swift in Sources */,
				5B976D70289D532900384C8A /* TestMyViewModel.swift in Sources */,
				5B976D73289D548C00384C8A /* Mocks.swift in Sources */,
			);
			runOnlyForDeploymentPostprocessing = 0;
		};
		5B976D41289D518800384C8A /* Sources */ = {
			isa = PBXSourcesBuildPhase;
			buildActionMask = 2147483647;
			files = (
				5B976D4C289D518800384C8A /* Tests_macOSLaunchTests.swift in Sources */,
				5B976D4A289D518800384C8A /* Tests_macOS.swift in Sources */,
			);
			runOnlyForDeploymentPostprocessing = 0;
		};
/* End PBXSourcesBuildPhase section */

/* Begin PBXTargetDependency section */
		5B976D3B289D518800384C8A /* PBXTargetDependency */ = {
			isa = PBXTargetDependency;
			target = 5B976D2B289D518800384C8A /* Annoatation-Injection (iOS) */;
			targetProxy = 5B976D3A289D518800384C8A /* PBXContainerItemProxy */;
		};
		5B976D47289D518800384C8A /* PBXTargetDependency */ = {
			isa = PBXTargetDependency;
			target = 5B976D31289D518800384C8A /* Annoatation-Injection (macOS) */;
			targetProxy = 5B976D46289D518800384C8A /* PBXContainerItemProxy */;
		};
/* End PBXTargetDependency section */

/* Begin XCBuildConfiguration section */
		5B976D53289D518800384C8A /* Debug */ = {
			isa = XCBuildConfiguration;
			buildSettings = {
				ALWAYS_SEARCH_USER_PATHS = NO;
				CLANG_ANALYZER_NONNULL = YES;
				CLANG_ANALYZER_NUMBER_OBJECT_CONVERSION = YES_AGGRESSIVE;
				CLANG_CXX_LANGUAGE_STANDARD = "gnu++17";
				CLANG_ENABLE_MODULES = YES;
				CLANG_ENABLE_OBJC_ARC = YES;
				CLANG_ENABLE_OBJC_WEAK = YES;
				CLANG_WARN_BLOCK_CAPTURE_AUTORELEASING = YES;
				CLANG_WARN_BOOL_CONVERSION = YES;
				CLANG_WARN_COMMA = YES;
				CLANG_WARN_CONSTANT_CONVERSION = YES;
				CLANG_WARN_DEPRECATED_OBJC_IMPLEMENTATIONS = YES;
				CLANG_WARN_DIRECT_OBJC_ISA_USAGE = YES_ERROR;
				CLANG_WARN_DOCUMENTATION_COMMENTS = YES;
				CLANG_WARN_EMPTY_BODY = YES;
				CLANG_WARN_ENUM_CONVERSION = YES;
				CLANG_WARN_INFINITE_RECURSION = YES;
				CLANG_WARN_INT_CONVERSION = YES;
				CLANG_WARN_NON_LITERAL_NULL_CONVERSION = YES;
				CLANG_WARN_OBJC_IMPLICIT_RETAIN_SELF = YES;
				CLANG_WARN_OBJC_LITERAL_CONVERSION = YES;
				CLANG_WARN_OBJC_ROOT_CLASS = YES_ERROR;
				CLANG_WARN_QUOTED_INCLUDE_IN_FRAMEWORK_HEADER = YES;
				CLANG_WARN_RANGE_LOOP_ANALYSIS = YES;
				CLANG_WARN_STRICT_PROTOTYPES = YES;
				CLANG_WARN_SUSPICIOUS_MOVE = YES;
				CLANG_WARN_UNGUARDED_AVAILABILITY = YES_AGGRESSIVE;
				CLANG_WARN_UNREACHABLE_CODE = YES;
				CLANG_WARN__DUPLICATE_METHOD_MATCH = YES;
				COPY_PHASE_STRIP = NO;
				DEBUG_INFORMATION_FORMAT = dwarf;
				ENABLE_STRICT_OBJC_MSGSEND = YES;
				ENABLE_TESTABILITY = YES;
				GCC_C_LANGUAGE_STANDARD = gnu11;
				GCC_DYNAMIC_NO_PIC = NO;
				GCC_NO_COMMON_BLOCKS = YES;
				GCC_OPTIMIZATION_LEVEL = 0;
				GCC_PREPROCESSOR_DEFINITIONS = (
					"DEBUG=1",
					"$(inherited)",
				);
				GCC_WARN_64_TO_32_BIT_CONVERSION = YES;
				GCC_WARN_ABOUT_RETURN_TYPE = YES_ERROR;
				GCC_WARN_UNDECLARED_SELECTOR = YES;
				GCC_WARN_UNINITIALIZED_AUTOS = YES_AGGRESSIVE;
				GCC_WARN_UNUSED_FUNCTION = YES;
				GCC_WARN_UNUSED_VARIABLE = YES;
				MTL_ENABLE_DEBUG_INFO = INCLUDE_SOURCE;
				MTL_FAST_MATH = YES;
				ONLY_ACTIVE_ARCH = YES;
				SWIFT_ACTIVE_COMPILATION_CONDITIONS = DEBUG;
				SWIFT_OPTIMIZATION_LEVEL = "-Onone";
			};
			name = Debug;
		};
		5B976D54289D518800384C8A /* Release */ = {
			isa = XCBuildConfiguration;
			buildSettings = {
				ALWAYS_SEARCH_USER_PATHS = NO;
				CLANG_ANALYZER_NONNULL = YES;
				CLANG_ANALYZER_NUMBER_OBJECT_CONVERSION = YES_AGGRESSIVE;
				CLANG_CXX_LANGUAGE_STANDARD = "gnu++17";
				CLANG_ENABLE_MODULES = YES;
				CLANG_ENABLE_OBJC_ARC = YES;
				CLANG_ENABLE_OBJC_WEAK = YES;
				CLANG_WARN_BLOCK_CAPTURE_AUTORELEASING = YES;
				CLANG_WARN_BOOL_CONVERSION = YES;
				CLANG_WARN_COMMA = YES;
				CLANG_WARN_CONSTANT_CONVERSION = YES;
				CLANG_WARN_DEPRECATED_OBJC_IMPLEMENTATIONS = YES;
				CLANG_WARN_DIRECT_OBJC_ISA_USAGE = YES_ERROR;
				CLANG_WARN_DOCUMENTATION_COMMENTS = YES;
				CLANG_WARN_EMPTY_BODY = YES;
				CLANG_WARN_ENUM_CONVERSION = YES;
				CLANG_WARN_INFINITE_RECURSION = YES;
				CLANG_WARN_INT_CONVERSION = YES;
				CLANG_WARN_NON_LITERAL_NULL_CONVERSION = YES;
				CLANG_WARN_OBJC_IMPLICIT_RETAIN_SELF = YES;
				CLANG_WARN_OBJC_LITERAL_CONVERSION = YES;
				CLANG_WARN_OBJC_ROOT_CLASS = YES_ERROR;
				CLANG_WARN_QUOTED_INCLUDE_IN_FRAMEWORK_HEADER = YES;
				CLANG_WARN_RANGE_LOOP_ANALYSIS = YES;
				CLANG_WARN_STRICT_PROTOTYPES = YES;
				CLANG_WARN_SUSPICIOUS_MOVE = YES;
				CLANG_WARN_UNGUARDED_AVAILABILITY = YES_AGGRESSIVE;
				CLANG_WARN_UNREACHABLE_CODE = YES;
				CLANG_WARN__DUPLICATE_METHOD_MATCH = YES;
				COPY_PHASE_STRIP = NO;
				DEBUG_INFORMATION_FORMAT = "dwarf-with-dsym";
				ENABLE_NS_ASSERTIONS = NO;
				ENABLE_STRICT_OBJC_MSGSEND = YES;
				GCC_C_LANGUAGE_STANDARD = gnu11;
				GCC_NO_COMMON_BLOCKS = YES;
				GCC_WARN_64_TO_32_BIT_CONVERSION = YES;
				GCC_WARN_ABOUT_RETURN_TYPE = YES_ERROR;
				GCC_WARN_UNDECLARED_SELECTOR = YES;
				GCC_WARN_UNINITIALIZED_AUTOS = YES_AGGRESSIVE;
				GCC_WARN_UNUSED_FUNCTION = YES;
				GCC_WARN_UNUSED_VARIABLE = YES;
				MTL_ENABLE_DEBUG_INFO = NO;
				MTL_FAST_MATH = YES;
				SWIFT_COMPILATION_MODE = wholemodule;
				SWIFT_OPTIMIZATION_LEVEL = "-O";
			};
			name = Release;
		};
		5B976D56289D518800384C8A /* Debug */ = {
			isa = XCBuildConfiguration;
			buildSettings = {
				ASSETCATALOG_COMPILER_APPICON_NAME = AppIcon;
				ASSETCATALOG_COMPILER_GLOBAL_ACCENT_COLOR_NAME = AccentColor;
				CODE_SIGN_STYLE = Automatic;
				CURRENT_PROJECT_VERSION = 1;
				ENABLE_PREVIEWS = YES;
				GENERATE_INFOPLIST_FILE = YES;
				INFOPLIST_KEY_UIApplicationSceneManifest_Generation = YES;
				INFOPLIST_KEY_UIApplicationSupportsIndirectInputEvents = YES;
				INFOPLIST_KEY_UILaunchScreen_Generation = YES;
				INFOPLIST_KEY_UISupportedInterfaceOrientations_iPad = "UIInterfaceOrientationPortrait UIInterfaceOrientationPortraitUpsideDown UIInterfaceOrientationLandscapeLeft UIInterfaceOrientationLandscapeRight";
				INFOPLIST_KEY_UISupportedInterfaceOrientations_iPhone = "UIInterfaceOrientationPortrait UIInterfaceOrientationLandscapeLeft UIInterfaceOrientationLandscapeRight";
				IPHONEOS_DEPLOYMENT_TARGET = 15.5;
				LD_RUNPATH_SEARCH_PATHS = (
					"$(inherited)",
					"@executable_path/Frameworks",
				);
				MARKETING_VERSION = 1.0;
				PRODUCT_BUNDLE_IDENTIFIER = "arash.goodarzi.Annoatation-Injection";
				PRODUCT_NAME = "Annoatation-Injection";
				SDKROOT = iphoneos;
				SWIFT_EMIT_LOC_STRINGS = YES;
				SWIFT_VERSION = 5.0;
				TARGETED_DEVICE_FAMILY = "1,2";
			};
			name = Debug;
		};
		5B976D57289D518800384C8A /* Release */ = {
			isa = XCBuildConfiguration;
			buildSettings = {
				ASSETCATALOG_COMPILER_APPICON_NAME = AppIcon;
				ASSETCATALOG_COMPILER_GLOBAL_ACCENT_COLOR_NAME = AccentColor;
				CODE_SIGN_STYLE = Automatic;
				CURRENT_PROJECT_VERSION = 1;
				ENABLE_PREVIEWS = YES;
				GENERATE_INFOPLIST_FILE = YES;
				INFOPLIST_KEY_UIApplicationSceneManifest_Generation = YES;
				INFOPLIST_KEY_UIApplicationSupportsIndirectInputEvents = YES;
				INFOPLIST_KEY_UILaunchScreen_Generation = YES;
				INFOPLIST_KEY_UISupportedInterfaceOrientations_iPad = "UIInterfaceOrientationPortrait UIInterfaceOrientationPortraitUpsideDown UIInterfaceOrientationLandscapeLeft UIInterfaceOrientationLandscapeRight";
				INFOPLIST_KEY_UISupportedInterfaceOrientations_iPhone = "UIInterfaceOrientationPortrait UIInterfaceOrientationLandscapeLeft UIInterfaceOrientationLandscapeRight";
				IPHONEOS_DEPLOYMENT_TARGET = 15.5;
				LD_RUNPATH_SEARCH_PATHS = (
					"$(inherited)",
					"@executable_path/Frameworks",
				);
				MARKETING_VERSION = 1.0;
				PRODUCT_BUNDLE_IDENTIFIER = "arash.goodarzi.Annoatation-Injection";
				PRODUCT_NAME = "Annoatation-Injection";
				SDKROOT = iphoneos;
				SWIFT_EMIT_LOC_STRINGS = YES;
				SWIFT_VERSION = 5.0;
				TARGETED_DEVICE_FAMILY = "1,2";
				VALIDATE_PRODUCT = YES;
			};
			name = Release;
		};
		5B976D59289D518800384C8A /* Debug */ = {
			isa = XCBuildConfiguration;
			buildSettings = {
				ASSETCATALOG_COMPILER_APPICON_NAME = AppIcon;
				ASSETCATALOG_COMPILER_GLOBAL_ACCENT_COLOR_NAME = AccentColor;
				CODE_SIGN_ENTITLEMENTS = macOS/macOS.entitlements;
				CODE_SIGN_STYLE = Automatic;
				COMBINE_HIDPI_IMAGES = YES;
				CURRENT_PROJECT_VERSION = 1;
				ENABLE_PREVIEWS = YES;
				GENERATE_INFOPLIST_FILE = YES;
				INFOPLIST_KEY_NSHumanReadableCopyright = "";
				LD_RUNPATH_SEARCH_PATHS = (
					"$(inherited)",
					"@executable_path/../Frameworks",
				);
				MACOSX_DEPLOYMENT_TARGET = 12.2;
				MARKETING_VERSION = 1.0;
				PRODUCT_BUNDLE_IDENTIFIER = "arash.goodarzi.Annoatation-Injection";
				PRODUCT_NAME = "Annoatation-Injection";
				SDKROOT = macosx;
				SWIFT_EMIT_LOC_STRINGS = YES;
				SWIFT_VERSION = 5.0;
			};
			name = Debug;
		};
		5B976D5A289D518800384C8A /* Release */ = {
			isa = XCBuildConfiguration;
			buildSettings = {
				ASSETCATALOG_COMPILER_APPICON_NAME = AppIcon;
				ASSETCATALOG_COMPILER_GLOBAL_ACCENT_COLOR_NAME = AccentColor;
				CODE_SIGN_ENTITLEMENTS = macOS/macOS.entitlements;
				CODE_SIGN_STYLE = Automatic;
				COMBINE_HIDPI_IMAGES = YES;
				CURRENT_PROJECT_VERSION = 1;
				ENABLE_PREVIEWS = YES;
				GENERATE_INFOPLIST_FILE = YES;
				INFOPLIST_KEY_NSHumanReadableCopyright = "";
				LD_RUNPATH_SEARCH_PATHS = (
					"$(inherited)",
					"@executable_path/../Frameworks",
				);
				MACOSX_DEPLOYMENT_TARGET = 12.2;
				MARKETING_VERSION = 1.0;
				PRODUCT_BUNDLE_IDENTIFIER = "arash.goodarzi.Annoatation-Injection";
				PRODUCT_NAME = "Annoatation-Injection";
				SDKROOT = macosx;
				SWIFT_EMIT_LOC_STRINGS = YES;
				SWIFT_VERSION = 5.0;
			};
			name = Release;
		};
		5B976D5C289D518800384C8A /* Debug */ = {
			isa = XCBuildConfiguration;
			buildSettings = {
				ALWAYS_EMBED_SWIFT_STANDARD_LIBRARIES = YES;
				CODE_SIGN_STYLE = Automatic;
				CURRENT_PROJECT_VERSION = 1;
				GENERATE_INFOPLIST_FILE = YES;
				IPHONEOS_DEPLOYMENT_TARGET = 15.5;
				MARKETING_VERSION = 1.0;
				PRODUCT_BUNDLE_IDENTIFIER = "arash.goodarzi.Tests-iOS";
				PRODUCT_NAME = "$(TARGET_NAME)";
				SDKROOT = iphoneos;
				SWIFT_EMIT_LOC_STRINGS = NO;
				SWIFT_VERSION = 5.0;
				TARGETED_DEVICE_FAMILY = "1,2";
				TEST_TARGET_NAME = "Annoatation-Injection (iOS)";
			};
			name = Debug;
		};
		5B976D5D289D518800384C8A /* Release */ = {
			isa = XCBuildConfiguration;
			buildSettings = {
				ALWAYS_EMBED_SWIFT_STANDARD_LIBRARIES = YES;
				CODE_SIGN_STYLE = Automatic;
				CURRENT_PROJECT_VERSION = 1;
				GENERATE_INFOPLIST_FILE = YES;
				IPHONEOS_DEPLOYMENT_TARGET = 15.5;
				MARKETING_VERSION = 1.0;
				PRODUCT_BUNDLE_IDENTIFIER = "arash.goodarzi.Tests-iOS";
				PRODUCT_NAME = "$(TARGET_NAME)";
				SDKROOT = iphoneos;
				SWIFT_EMIT_LOC_STRINGS = NO;
				SWIFT_VERSION = 5.0;
				TARGETED_DEVICE_FAMILY = "1,2";
				TEST_TARGET_NAME = "Annoatation-Injection (iOS)";
				VALIDATE_PRODUCT = YES;
			};
			name = Release;
		};
		5B976D5F289D518800384C8A /* Debug */ = {
			isa = XCBuildConfiguration;
			buildSettings = {
				ALWAYS_EMBED_SWIFT_STANDARD_LIBRARIES = YES;
				CODE_SIGN_STYLE = Automatic;
				CURRENT_PROJECT_VERSION = 1;
				GENERATE_INFOPLIST_FILE = YES;
				MACOSX_DEPLOYMENT_TARGET = 12.2;
				MARKETING_VERSION = 1.0;
				PRODUCT_BUNDLE_IDENTIFIER = "arash.goodarzi.Tests-macOS";
				PRODUCT_NAME = "$(TARGET_NAME)";
				SDKROOT = macosx;
				SWIFT_EMIT_LOC_STRINGS = NO;
				SWIFT_VERSION = 5.0;
				TEST_TARGET_NAME = "Annoatation-Injection (macOS)";
			};
			name = Debug;
		};
		5B976D60289D518800384C8A /* Release */ = {
			isa = XCBuildConfiguration;
			buildSettings = {
				ALWAYS_EMBED_SWIFT_STANDARD_LIBRARIES = YES;
				CODE_SIGN_STYLE = Automatic;
				CURRENT_PROJECT_VERSION = 1;
				GENERATE_INFOPLIST_FILE = YES;
				MACOSX_DEPLOYMENT_TARGET = 12.2;
				MARKETING_VERSION = 1.0;
				PRODUCT_BUNDLE_IDENTIFIER = "arash.goodarzi.Tests-macOS";
				PRODUCT_NAME = "$(TARGET_NAME)";
				SDKROOT = macosx;
				SWIFT_EMIT_LOC_STRINGS = NO;
				SWIFT_VERSION = 5.0;
				TEST_TARGET_NAME = "Annoatation-Injection (macOS)";
			};
			name = Release;
		};
/* End XCBuildConfiguration section */

/* Begin XCConfigurationList section */
		5B976D23289D518700384C8A /* Build configuration list for PBXProject "Annoatation-Injection" */ = {
			isa = XCConfigurationList;
			buildConfigurations = (
				5B976D53289D518800384C8A /* Debug */,
				5B976D54289D518800384C8A /* Release */,
			);
			defaultConfigurationIsVisible = 0;
			defaultConfigurationName = Release;
		};
		5B976D55289D518800384C8A /* Build configuration list for PBXNativeTarget "Annoatation-Injection (iOS)" */ = {
			isa = XCConfigurationList;
			buildConfigurations = (
				5B976D56289D518800384C8A /* Debug */,
				5B976D57289D518800384C8A /* Release */,
			);
			defaultConfigurationIsVisible = 0;
			defaultConfigurationName = Release;
		};
		5B976D58289D518800384C8A /* Build configuration list for PBXNativeTarget "Annoatation-Injection (macOS)" */ = {
			isa = XCConfigurationList;
			buildConfigurations = (
				5B976D59289D518800384C8A /* Debug */,
				5B976D5A289D518800384C8A /* Release */,
			);
			defaultConfigurationIsVisible = 0;
			defaultConfigurationName = Release;
		};
		5B976D5B289D518800384C8A /* Build configuration list for PBXNativeTarget "Tests iOS" */ = {
			isa = XCConfigurationList;
			buildConfigurations = (
				5B976D5C289D518800384C8A /* Debug */,
				5B976D5D289D518800384C8A /* Release */,
			);
			defaultConfigurationIsVisible = 0;
			defaultConfigurationName = Release;
		};
		5B976D5E289D518800384C8A /* Build configuration list for PBXNativeTarget "Tests macOS" */ = {
			isa = XCConfigurationList;
			buildConfigurations = (
				5B976D5F289D518800384C8A /* Debug */,
				5B976D60289D518800384C8A /* Release */,
			);
			defaultConfigurationIsVisible = 0;
			defaultConfigurationName = Release;
		};
/* End XCConfigurationList section */
	};
	rootObject = 5B976D20289D518700384C8A /* Project object */;
}
